// !$*UTF8*$!
{
	archiveVersion = 1;
	classes = {
	};
	objectVersion = 50;
	objects = {

/* Begin PBXBuildFile section */
		90EC085722F913E100FE933B /* AppDelegate.swift in Sources */ = {isa = PBXBuildFile; fileRef = 90EC085622F913E100FE933B /* AppDelegate.swift */; };
		90EC085922F913E100FE933B /* ViewController.swift in Sources */ = {isa = PBXBuildFile; fileRef = 90EC085822F913E100FE933B /* ViewController.swift */; };
		90EC085C22F913E100FE933B /* Main.storyboard in Resources */ = {isa = PBXBuildFile; fileRef = 90EC085A22F913E100FE933B /* Main.storyboard */; };
		90EC085E22F913E200FE933B /* Assets.xcassets in Resources */ = {isa = PBXBuildFile; fileRef = 90EC085D22F913E200FE933B /* Assets.xcassets */; };
		90EC086122F913E200FE933B /* LaunchScreen.storyboard in Resources */ = {isa = PBXBuildFile; fileRef = 90EC085F22F913E200FE933B /* LaunchScreen.storyboard */; };
		90EC086A22F95F8500FE933B /* Concentration.swift in Sources */ = {isa = PBXBuildFile; fileRef = 90EC086922F95F8500FE933B /* Concentration.swift */; };
		90EC086C22F9604400FE933B /* Card.swift in Sources */ = {isa = PBXBuildFile; fileRef = 90EC086B22F9604400FE933B /* Card.swift */; };
/* End PBXBuildFile section */

/* Begin PBXFileReference section */
		90EC085322F913E100FE933B /* Concentration_new.app */ = {isa = PBXFileReference; explicitFileType = wrapper.application; includeInIndex = 0; path = Concentration_new.app; sourceTree = BUILT_PRODUCTS_DIR; };
		90EC085622F913E100FE933B /* AppDelegate.swift */ = {isa = PBXFileReference; lastKnownFileType = sourcecode.swift; path = AppDelegate.swift; sourceTree = "<group>"; };
		90EC085822F913E100FE933B /* ViewController.swift */ = {isa = PBXFileReference; lastKnownFileType = sourcecode.swift; path = ViewController.swift; sourceTree = "<group>"; };
		90EC085B22F913E100FE933B /* Base */ = {isa = PBXFileReference; lastKnownFileType = file.storyboard; name = Base; path = Base.lproj/Main.storyboard; sourceTree = "<group>"; };
		90EC085D22F913E200FE933B /* Assets.xcassets */ = {isa = PBXFileReference; lastKnownFileType = folder.assetcatalog; path = Assets.xcassets; sourceTree = "<group>"; };
		90EC086022F913E200FE933B /* Base */ = {isa = PBXFileReference; lastKnownFileType = file.storyboard; name = Base; path = Base.lproj/LaunchScreen.storyboard; sourceTree = "<group>"; };
		90EC086222F913E200FE933B /* Info.plist */ = {isa = PBXFileReference; lastKnownFileType = text.plist.xml; path = Info.plist; sourceTree = "<group>"; };
		90EC086922F95F8500FE933B /* Concentration.swift */ = {isa = PBXFileReference; lastKnownFileType = sourcecode.swift; path = Concentration.swift; sourceTree = "<group>"; };
		90EC086B22F9604400FE933B /* Card.swift */ = {isa = PBXFileReference; lastKnownFileType = sourcecode.swift; path = Card.swift; sourceTree = "<group>"; };
/* End PBXFileReference section */

/* Begin PBXFrameworksBuildPhase section */
		90EC085022F913E100FE933B /* Frameworks */ = {
			isa = PBXFrameworksBuildPhase;
			buildActionMask = 2147483647;
			files = (
			);
			runOnlyForDeploymentPostprocessing = 0;
		};
/* End PBXFrameworksBuildPhase section */

/* Begin PBXGroup section */
		90EC084A22F913E100FE933B = {
			isa = PBXGroup;
			children = (
				90EC085522F913E100FE933B /* Concentration_new */,
				90EC085422F913E100FE933B /* Products */,
			);
			sourceTree = "<group>";
		};
		90EC085422F913E100FE933B /* Products */ = {
			isa = PBXGroup;
			children = (
				90EC085322F913E100FE933B /* Concentration_new.app */,
			);
			name = Products;
			sourceTree = "<group>";
		};
		90EC085522F913E100FE933B /* Concentration_new */ = {
			isa = PBXGroup;
			children = (
				90EC086922F95F8500FE933B /* Concentration.swift */,
				90EC086B22F9604400FE933B /* Card.swift */,
				90EC085822F913E100FE933B /* ViewController.swift */,
				90EC085A22F913E100FE933B /* Main.storyboard */,
				90EC086822F916A800FE933B /* Supporting Files */,
				90EC086222F913E200FE933B /* Info.plist */,
			);
			path = Concentration_new;
			sourceTree = "<group>";
		};
		90EC086822F916A800FE933B /* Supporting Files */ = {
			isa = PBXGroup;
			children = (
				90EC085622F913E100FE933B /* AppDelegate.swift */,
				90EC085D22F913E200FE933B /* Assets.xcassets */,
				90EC085F22F913E200FE933B /* LaunchScreen.storyboard */,
			);
			path = "Supporting Files";
			sourceTree = "<group>";
		};
/* End PBXGroup section */

/* Begin PBXNativeTarget section */
		90EC085222F913E100FE933B /* Concentration_new */ = {
			isa = PBXNativeTarget;
			buildConfigurationList = 90EC086522F913E200FE933B /* Build configuration list for PBXNativeTarget "Concentration_new" */;
			buildPhases = (
				90EC084F22F913E100FE933B /* Sources */,
				90EC085022F913E100FE933B /* Frameworks */,
				90EC085122F913E100FE933B /* Resources */,
			);
			buildRules = (
			);
			dependencies = (
			);
			name = Concentration_new;
			productName = Concentration_new;
			productReference = 90EC085322F913E100FE933B /* Concentration_new.app */;
			productType = "com.apple.product-type.application";
		};
/* End PBXNativeTarget section */

/* Begin PBXProject section */
		90EC084B22F913E100FE933B /* Project object */ = {
			isa = PBXProject;
			attributes = {
				LastSwiftUpdateCheck = 1030;
				LastUpgradeCheck = 1030;
				ORGANIZATIONNAME = "Ajou University D2fault";
				TargetAttributes = {
					90EC085222F913E100FE933B = {
						CreatedOnToolsVersion = 10.3;
					};
				};
			};
			buildConfigurationList = 90EC084E22F913E100FE933B /* Build configuration list for PBXProject "Concentration_new" */;
			compatibilityVersion = "Xcode 9.3";
			developmentRegion = en;
			hasScannedForEncodings = 0;
			knownRegions = (
				en,
				Base,
			);
			mainGroup = 90EC084A22F913E100FE933B;
			productRefGroup = 90EC085422F913E100FE933B /* Products */;
			projectDirPath = "";
			projectRoot = "";
			targets = (
				90EC085222F913E100FE933B /* Concentration_new */,
			);
		};
/* End PBXProject section */

/* Begin PBXResourcesBuildPhase section */
		90EC085122F913E100FE933B /* Resources */ = {
			isa = PBXResourcesBuildPhase;
			buildActionMask = 2147483647;
			files = (
				90EC086122F913E200FE933B /* LaunchScreen.storyboard in Resources */,
				90EC085E22F913E200FE933B /* Assets.xcassets in Resources */,
				90EC085C22F913E100FE933B /* Main.storyboard in Resources */,
			);
			runOnlyForDeploymentPostprocessing = 0;
		};
/* End PBXResourcesBuildPhase section */

/* Begin PBXSourcesBuildPhase section */
		90EC084F22F913E100FE933B /* Sources */ = {
			isa = PBXSourcesBuildPhase;
			buildActionMask = 2147483647;
			files = (
				90EC085922F913E100FE933B /* ViewController.swift in Sources */,
				90EC085722F913E100FE933B /* AppDelegate.swift in Sources */,
				90EC086A22F95F8500FE933B /* Concentration.swift in Sources */,
				90EC086C22F9604400FE933B /* Card.swift in Sources */,
			);
			runOnlyForDeploymentPostprocessing = 0;
		};
/* End PBXSourcesBuildPhase section */

/* Begin PBXVariantGroup section */
		90EC085A22F913E100FE933B /* Main.storyboard */ = {
			isa = PBXVariantGroup;
			children = (
				90EC085B22F913E100FE933B /* Base */,
			);
			name = Main.storyboard;
			sourceTree = "<group>";
		};
		90EC085F22F913E200FE933B /* LaunchScreen.storyboard */ = {
			isa = PBXVariantGroup;
			children = (
				90EC086022F913E200FE933B /* Base */,
			);
			name = LaunchScreen.storyboard;
			sourceTree = "<group>";
		};
/* End PBXVariantGroup section */

/* Begin XCBuildConfiguration section */
		90EC086322F913E200FE933B /* Debug */ = {
			isa = XCBuildConfiguration;
			buildSettings = {
				ALWAYS_SEARCH_USER_PATHS = NO;
				CLANG_ANALYZER_NONNULL = YES;
				CLANG_ANALYZER_NUMBER_OBJECT_CONVERSION = YES_AGGRESSIVE;
				CLANG_CXX_LANGUAGE_STANDARD = "gnu++14";
				CLANG_CXX_LIBRARY = "libc++";
				CLANG_ENABLE_MODULES = YES;
				CLANG_ENABLE_OBJC_ARC = YES;
				CLANG_ENABLE_OBJC_WEAK = YES;
				CLANG_WARN_BLOCK_CAPTURE_AUTORELEASING = YES;
				CLANG_WARN_BOOL_CONVERSION = YES;
				CLANG_WARN_COMMA = YES;
				CLANG_WARN_CONSTANT_CONVERSION = YES;
				CLANG_WARN_DEPRECATED_OBJC_IMPLEMENTATIONS = YES;
				CLANG_WARN_DIRECT_OBJC_ISA_USAGE = YES_ERROR;
				CLANG_WARN_DOCUMENTATION_COMMENTS = YES;
				CLANG_WARN_EMPTY_BODY = YES;
				CLANG_WARN_ENUM_CONVERSION = YES;
				CLANG_WARN_INFINITE_RECURSION = YES;
				CLANG_WARN_INT_CONVERSION = YES;
				CLANG_WARN_NON_LITERAL_NULL_CONVERSION = YES;
				CLANG_WARN_OBJC_IMPLICIT_RETAIN_SELF = YES;
				CLANG_WARN_OBJC_LITERAL_CONVERSION = YES;
				CLANG_WARN_OBJC_ROOT_CLASS = YES_ERROR;
				CLANG_WARN_RANGE_LOOP_ANALYSIS = YES;
				CLANG_WARN_STRICT_PROTOTYPES = YES;
				CLANG_WARN_SUSPICIOUS_MOVE = YES;
				CLANG_WARN_UNGUARDED_AVAILABILITY = YES_AGGRESSIVE;
				CLANG_WARN_UNREACHABLE_CODE = YES;
				CLANG_WARN__DUPLICATE_METHOD_MATCH = YES;
				CODE_SIGN_IDENTITY = "iPhone Developer";
				COPY_PHASE_STRIP = NO;
				DEBUG_INFORMATION_FORMAT = dwarf;
				ENABLE_STRICT_OBJC_MSGSEND = YES;
				ENABLE_TESTABILITY = YES;
				GCC_C_LANGUAGE_STANDARD = gnu11;
				GCC_DYNAMIC_NO_PIC = NO;
				GCC_NO_COMMON_BLOCKS = YES;
				GCC_OPTIMIZATION_LEVEL = 0;
				GCC_PREPROCESSOR_DEFINITIONS = (
					"DEBUG=1",
					"$(inherited)",
				);
				GCC_WARN_64_TO_32_BIT_CONVERSION = YES;
				GCC_WARN_ABOUT_RETURN_TYPE = YES_ERROR;
				GCC_WARN_UNDECLARED_SELECTOR = YES;
				GCC_WARN_UNINITIALIZED_AUTOS = YES_AGGRESSIVE;
				GCC_WARN_UNUSED_FUNCTION = YES;
				GCC_WARN_UNUSED_VARIABLE = YES;
				IPHONEOS_DEPLOYMENT_TARGET = 12.4;
				MTL_ENABLE_DEBUG_INFO = INCLUDE_SOURCE;
				MTL_FAST_MATH = YES;
				ONLY_ACTIVE_ARCH = YES;
				SDKROOT = iphoneos;
				SWIFT_ACTIVE_COMPILATION_CONDITIONS = DEBUG;
				SWIFT_OPTIMIZATION_LEVEL = "-Onone";
			};
			name = Debug;
		};
		90EC086422F913E200FE933B /* Release */ = {
			isa = XCBuildConfiguration;
			buildSettings = {
				ALWAYS_SEARCH_USER_PATHS = NO;
				CLANG_ANALYZER_NONNULL = YES;
				CLANG_ANALYZER_NUMBER_OBJECT_CONVERSION = YES_AGGRESSIVE;
				CLANG_CXX_LANGUAGE_STANDARD = "gnu++14";
				CLANG_CXX_LIBRARY = "libc++";
				CLANG_ENABLE_MODULES = YES;
				CLANG_ENABLE_OBJC_ARC = YES;
				CLANG_ENABLE_OBJC_WEAK = YES;
				CLANG_WARN_BLOCK_CAPTURE_AUTORELEASING = YES;
				CLANG_WARN_BOOL_CONVERSION = YES;
				CLANG_WARN_COMMA = YES;
				CLANG_WARN_CONSTANT_CONVERSION = YES;
				CLANG_WARN_DEPRECATED_OBJC_IMPLEMENTATIONS = YES;
				CLANG_WARN_DIRECT_OBJC_ISA_USAGE = YES_ERROR;
				CLANG_WARN_DOCUMENTATION_COMMENTS = YES;
				CLANG_WARN_EMPTY_BODY = YES;
				CLANG_WARN_ENUM_CONVERSION = YES;
				CLANG_WARN_INFINITE_RECURSION = YES;
				CLANG_WARN_INT_CONVERSION = YES;
				CLANG_WARN_NON_LITERAL_NULL_CONVERSION = YES;
				CLANG_WARN_OBJC_IMPLICIT_RETAIN_SELF = YES;
				CLANG_WARN_OBJC_LITERAL_CONVERSION = YES;
				CLANG_WARN_OBJC_ROOT_CLASS = YES_ERROR;
				CLANG_WARN_RANGE_LOOP_ANALYSIS = YES;
				CLANG_WARN_STRICT_PROTOTYPES = YES;
				CLANG_WARN_SUSPICIOUS_MOVE = YES;
				CLANG_WARN_UNGUARDED_AVAILABILITY = YES_AGGRESSIVE;
				CLANG_WARN_UNREACHABLE_CODE = YES;
				CLANG_WARN__DUPLICATE_METHOD_MATCH = YES;
				CODE_SIGN_IDENTITY = "iPhone Developer";
				COPY_PHASE_STRIP = NO;
				DEBUG_INFORMATION_FORMAT = "dwarf-with-dsym";
				ENABLE_NS_ASSERTIONS = NO;
				ENABLE_STRICT_OBJC_MSGSEND = YES;
				GCC_C_LANGUAGE_STANDARD = gnu11;
				GCC_NO_COMMON_BLOCKS = YES;
				GCC_WARN_64_TO_32_BIT_CONVERSION = YES;
				GCC_WARN_ABOUT_RETURN_TYPE = YES_ERROR;
				GCC_WARN_UNDECLARED_SELECTOR = YES;
				GCC_WARN_UNINITIALIZED_AUTOS = YES_AGGRESSIVE;
				GCC_WARN_UNUSED_FUNCTION = YES;
				GCC_WARN_UNUSED_VARIABLE = YES;
				IPHONEOS_DEPLOYMENT_TARGET = 12.4;
				MTL_ENABLE_DEBUG_INFO = NO;
				MTL_FAST_MATH = YES;
				SDKROOT = iphoneos;
				SWIFT_COMPILATION_MODE = wholemodule;
				SWIFT_OPTIMIZATION_LEVEL = "-O";
				VALIDATE_PRODUCT = YES;
			};
			name = Release;
		};
		90EC086622F913E200FE933B /* Debug */ = {
			isa = XCBuildConfiguration;
			buildSettings = {
				ASSETCATALOG_COMPILER_APPICON_NAME = AppIcon;
				CODE_SIGN_STYLE = Automatic;
				DEVELOPMENT_TEAM = LY87Q8728H;
				INFOPLIST_FILE = Concentration_new/Info.plist;
				LD_RUNPATH_SEARCH_PATHS = (
					"$(inherited)",
					"@executable_path/Frameworks",
				);
				PRODUCT_BUNDLE_IDENTIFIER = "ajouuniv.shhan.Concentration-new";
				PRODUCT_NAME = "$(TARGET_NAME)";
				SWIFT_VERSION = 5.0;
				TARGETED_DEVICE_FAMILY = "1,2";
			};
			name = Debug;
		};
		90EC086722F913E200FE933B /* Release */ = {
			isa = XCBuildConfiguration;
			buildSettings = {
				ASSETCATALOG_COMPILER_APPICON_NAME = AppIcon;
				CODE_SIGN_STYLE = Automatic;
				DEVELOPMENT_TEAM = LY87Q8728H;
				INFOPLIST_FILE = Concentration_new/Info.plist;
				LD_RUNPATH_SEARCH_PATHS = (
					"$(inherited)",
					"@executable_path/Frameworks",
				);
				PRODUCT_BUNDLE_IDENTIFIER = "ajouuniv.shhan.Concentration-new";
				PRODUCT_NAME = "$(TARGET_NAME)";
				SWIFT_VERSION = 5.0;
				TARGETED_DEVICE_FAMILY = "1,2";
			};
			name = Release;
		};
/* End XCBuildConfiguration section */

/* Begin XCConfigurationList section */
		90EC084E22F913E100FE933B /* Build configuration list for PBXProject "Concentration_new" */ = {
			isa = XCConfigurationList;
			buildConfigurations = (
				90EC086322F913E200FE933B /* Debug */,
				90EC086422F913E200FE933B /* Release */,
			);
			defaultConfigurationIsVisible = 0;
			defaultConfigurationName = Release;
		};
		90EC086522F913E200FE933B /* Build configuration list for PBXNativeTarget "Concentration_new" */ = {
			isa = XCConfigurationList;
			buildConfigurations = (
				90EC086622F913E200FE933B /* Debug */,
				90EC086722F913E200FE933B /* Release */,
			);
			defaultConfigurationIsVisible = 0;
			defaultConfigurationName = Release;
		};
/* End XCConfigurationList section */
	};
	rootObject = 90EC084B22F913E100FE933B /* Project object */;
}
